
Microsoft Visual Studio Solution File, Format Version 12.00
# Visual Studio Version 16
VisualStudioVersion = 16.0.30717.126
MinimumVisualStudioVersion = 10.0.40219.1
Project("{FAE04EC0-301F-11D3-BF4B-00C04F79EFBC}") = "ThesisApp", "ThesisApp.csproj", "{FA25B06C-69FC-47B1-A244-E86893A5BFDD}"
EndProject
Global
	GlobalSection(SolutionConfigurationPlatforms) = preSolution
		Debug|Any CPU = Debug|Any CPU
		Release|Any CPU = Release|Any CPU
	EndGlobalSection
	GlobalSection(ProjectConfigurationPlatforms) = postSolution
		{FA25B06C-69FC-47B1-A244-E86893A5BFDD}.Debug|Any CPU.ActiveCfg = Debug|Any CPU
		{FA25B06C-69FC-47B1-A244-E86893A5BFDD}.Debug|Any CPU.Build.0 = Debug|Any CPU
		{FA25B06C-69FC-47B1-A244-E86893A5BFDD}.Release|Any CPU.ActiveCfg = Release|Any CPU
		{FA25B06C-69FC-47B1-A244-E86893A5BFDD}.Release|Any CPU.Build.0 = Release|Any CPU
	EndGlobalSection
	GlobalSection(SolutionProperties) = preSolution
		HideSolutionNode = FALSE
	EndGlobalSection
	GlobalSection(ExtensibilityGlobals) = postSolution
		SolutionGuid = {5EA82DE4-7812-4EB2-AFB9-A0158469FDA7}
	EndGlobalSection
EndGlobal
